// !$*UTF8*$!
{
	archiveVersion = 1;
	classes = {
	};
	objectVersion = 56;
	objects = {

/* Begin PBXBuildFile section */
		445EA7BE29C27F5200667D13 /* CacheManager.swift in Sources */ = {isa = PBXBuildFile; fileRef = 445EA7BD29C27F5200667D13 /* CacheManager.swift */; };
		445EA7C029C27F5B00667D13 /* TableManager.swift in Sources */ = {isa = PBXBuildFile; fileRef = 445EA7BF29C27F5B00667D13 /* TableManager.swift */; };
		445EA7C329C27FE200667D13 /* NetworkHandler.swift in Sources */ = {isa = PBXBuildFile; fileRef = 445EA7C229C27FE200667D13 /* NetworkHandler.swift */; };
		445EA7E229C310B900667D13 /* SafebooruTag.swift in Sources */ = {isa = PBXBuildFile; fileRef = 445EA7E129C310B900667D13 /* SafebooruTag.swift */; };
		445EA7E429C310D400667D13 /* SafebooruPost.swift in Sources */ = {isa = PBXBuildFile; fileRef = 445EA7E329C310D400667D13 /* SafebooruPost.swift */; };
		445EA7E629C310E600667D13 /* GelbooruPost.swift in Sources */ = {isa = PBXBuildFile; fileRef = 445EA7E529C310E600667D13 /* GelbooruPost.swift */; };
		445EA7E829C310F800667D13 /* GelbooruTag.swift in Sources */ = {isa = PBXBuildFile; fileRef = 445EA7E729C310F800667D13 /* GelbooruTag.swift */; };
		445EA7EA29C3112400667D13 /* GlobalBooruTypes.swift in Sources */ = {isa = PBXBuildFile; fileRef = 445EA7E929C3112400667D13 /* GlobalBooruTypes.swift */; };
		445EA7EC29C312AA00667D13 /* SwiftBooruError.swift in Sources */ = {isa = PBXBuildFile; fileRef = 445EA7EB29C312AA00667D13 /* SwiftBooruError.swift */; };
		446B2D2D29C7E37300850070 /* SwiftbooruView.swift in Sources */ = {isa = PBXBuildFile; fileRef = 446B2D2C29C7E37300850070 /* SwiftbooruView.swift */; };
		446B2D2F29C7E78E00850070 /* Extensions.swift in Sources */ = {isa = PBXBuildFile; fileRef = 446B2D2E29C7E78E00850070 /* Extensions.swift */; };
		44BDDD7829CB04AD005955FF /* ImageView.swift in Sources */ = {isa = PBXBuildFile; fileRef = 44BDDD7729CB04AD005955FF /* ImageView.swift */; };
		44D8264129C27E7000718396 /* Assets.xcassets in Resources */ = {isa = PBXBuildFile; fileRef = 44D8264029C27E7000718396 /* Assets.xcassets */; };
		44D8264429C27E7000718396 /* Preview Assets.xcassets in Resources */ = {isa = PBXBuildFile; fileRef = 44D8264329C27E7000718396 /* Preview Assets.xcassets */; };
		44F0538D29C9CDD400A53E91 /* SearchView.swift in Sources */ = {isa = PBXBuildFile; fileRef = 44F0538C29C9CDD400A53E91 /* SearchView.swift */; };
		44FD59C729C54C190045080C /* BookmarksView.swift in Sources */ = {isa = PBXBuildFile; fileRef = 44FD59C629C54C190045080C /* BookmarksView.swift */; };
		44FD59C929C557AD0045080C /* BookmarkManager.swift in Sources */ = {isa = PBXBuildFile; fileRef = 44FD59C829C557AD0045080C /* BookmarkManager.swift */; };
		44FD59D029C57D7D0045080C /* URLImage in Frameworks */ = {isa = PBXBuildFile; productRef = 44FD59CF29C57D7D0045080C /* URLImage */; };
		44FD59D229C57D7D0045080C /* URLImageStore in Frameworks */ = {isa = PBXBuildFile; productRef = 44FD59D129C57D7D0045080C /* URLImageStore */; };
/* End PBXBuildFile section */

/* Begin PBXFileReference section */
		445EA7BD29C27F5200667D13 /* CacheManager.swift */ = {isa = PBXFileReference; lastKnownFileType = sourcecode.swift; path = CacheManager.swift; sourceTree = "<group>"; };
		445EA7BF29C27F5B00667D13 /* TableManager.swift */ = {isa = PBXFileReference; lastKnownFileType = sourcecode.swift; path = TableManager.swift; sourceTree = "<group>"; };
		445EA7C229C27FE200667D13 /* NetworkHandler.swift */ = {isa = PBXFileReference; lastKnownFileType = sourcecode.swift; path = NetworkHandler.swift; sourceTree = "<group>"; };
		445EA7E129C310B900667D13 /* SafebooruTag.swift */ = {isa = PBXFileReference; lastKnownFileType = sourcecode.swift; path = SafebooruTag.swift; sourceTree = "<group>"; };
		445EA7E329C310D400667D13 /* SafebooruPost.swift */ = {isa = PBXFileReference; lastKnownFileType = sourcecode.swift; path = SafebooruPost.swift; sourceTree = "<group>"; };
		445EA7E529C310E600667D13 /* GelbooruPost.swift */ = {isa = PBXFileReference; lastKnownFileType = sourcecode.swift; path = GelbooruPost.swift; sourceTree = "<group>"; };
		445EA7E729C310F800667D13 /* GelbooruTag.swift */ = {isa = PBXFileReference; lastKnownFileType = sourcecode.swift; path = GelbooruTag.swift; sourceTree = "<group>"; };
		445EA7E929C3112400667D13 /* GlobalBooruTypes.swift */ = {isa = PBXFileReference; lastKnownFileType = sourcecode.swift; path = GlobalBooruTypes.swift; sourceTree = "<group>"; };
		445EA7EB29C312AA00667D13 /* SwiftBooruError.swift */ = {isa = PBXFileReference; lastKnownFileType = sourcecode.swift; path = SwiftBooruError.swift; sourceTree = "<group>"; };
		446B2D2C29C7E37300850070 /* SwiftbooruView.swift */ = {isa = PBXFileReference; lastKnownFileType = sourcecode.swift; path = SwiftbooruView.swift; sourceTree = "<group>"; };
		446B2D2E29C7E78E00850070 /* Extensions.swift */ = {isa = PBXFileReference; lastKnownFileType = sourcecode.swift; path = Extensions.swift; sourceTree = "<group>"; };
		44BDDD7729CB04AD005955FF /* ImageView.swift */ = {isa = PBXFileReference; lastKnownFileType = sourcecode.swift; path = ImageView.swift; sourceTree = "<group>"; };
		44D8263929C27E6F00718396 /* SwiftBooru.app */ = {isa = PBXFileReference; explicitFileType = wrapper.application; includeInIndex = 0; path = SwiftBooru.app; sourceTree = BUILT_PRODUCTS_DIR; };
		44D8264029C27E7000718396 /* Assets.xcassets */ = {isa = PBXFileReference; lastKnownFileType = folder.assetcatalog; path = Assets.xcassets; sourceTree = "<group>"; };
		44D8264329C27E7000718396 /* Preview Assets.xcassets */ = {isa = PBXFileReference; lastKnownFileType = folder.assetcatalog; path = "Preview Assets.xcassets"; sourceTree = "<group>"; };
		44D8264529C27E7000718396 /* SwiftBooru.entitlements */ = {isa = PBXFileReference; lastKnownFileType = text.plist.entitlements; path = SwiftBooru.entitlements; sourceTree = "<group>"; };
		44F0538C29C9CDD400A53E91 /* SearchView.swift */ = {isa = PBXFileReference; lastKnownFileType = sourcecode.swift; path = SearchView.swift; sourceTree = "<group>"; };
		44FD59C629C54C190045080C /* BookmarksView.swift */ = {isa = PBXFileReference; lastKnownFileType = sourcecode.swift; path = BookmarksView.swift; sourceTree = "<group>"; };
		44FD59C829C557AD0045080C /* BookmarkManager.swift */ = {isa = PBXFileReference; lastKnownFileType = sourcecode.swift; path = BookmarkManager.swift; sourceTree = "<group>"; };
/* End PBXFileReference section */

/* Begin PBXFrameworksBuildPhase section */
		44D8263629C27E6F00718396 /* Frameworks */ = {
			isa = PBXFrameworksBuildPhase;
			buildActionMask = 2147483647;
			files = (
				44FD59D229C57D7D0045080C /* URLImageStore in Frameworks */,
				44FD59D029C57D7D0045080C /* URLImage in Frameworks */,
			);
			runOnlyForDeploymentPostprocessing = 0;
		};
/* End PBXFrameworksBuildPhase section */

/* Begin PBXGroup section */
		445EA7BC29C27F2C00667D13 /* Utils */ = {
			isa = PBXGroup;
			children = (
				445EA7BD29C27F5200667D13 /* CacheManager.swift */,
				446B2D2E29C7E78E00850070 /* Extensions.swift */,
				44FD59C829C557AD0045080C /* BookmarkManager.swift */,
				445EA7BF29C27F5B00667D13 /* TableManager.swift */,
				445EA7C229C27FE200667D13 /* NetworkHandler.swift */,
			);
			path = Utils;
			sourceTree = "<group>";
		};
		445EA7DB29C30E5100667D13 /* Model */ = {
			isa = PBXGroup;
			children = (
				445EA7EB29C312AA00667D13 /* SwiftBooruError.swift */,
				445EA7E929C3112400667D13 /* GlobalBooruTypes.swift */,
				445EA7DD29C30E7800667D13 /* Safebooru */,
				445EA7DC29C30E6A00667D13 /* Gelbooru */,
			);
			path = Model;
			sourceTree = "<group>";
		};
		445EA7DC29C30E6A00667D13 /* Gelbooru */ = {
			isa = PBXGroup;
			children = (
				445EA7E529C310E600667D13 /* GelbooruPost.swift */,
				445EA7E729C310F800667D13 /* GelbooruTag.swift */,
			);
			path = Gelbooru;
			sourceTree = "<group>";
		};
		445EA7DD29C30E7800667D13 /* Safebooru */ = {
			isa = PBXGroup;
			children = (
				445EA7E129C310B900667D13 /* SafebooruTag.swift */,
				445EA7E329C310D400667D13 /* SafebooruPost.swift */,
			);
			path = Safebooru;
			sourceTree = "<group>";
		};
		445EA7ED29C312D500667D13 /* Views */ = {
			isa = PBXGroup;
			children = (
				44FD59C629C54C190045080C /* BookmarksView.swift */,
				446B2D2C29C7E37300850070 /* SwiftbooruView.swift */,
				44F0538C29C9CDD400A53E91 /* SearchView.swift */,
				44BDDD7729CB04AD005955FF /* ImageView.swift */,
			);
			path = Views;
			sourceTree = "<group>";
		};
		44D8263029C27E6F00718396 = {
			isa = PBXGroup;
			children = (
				44D8263B29C27E6F00718396 /* SwiftBooru */,
				44D8263A29C27E6F00718396 /* Products */,
			);
			sourceTree = "<group>";
		};
		44D8263A29C27E6F00718396 /* Products */ = {
			isa = PBXGroup;
			children = (
				44D8263929C27E6F00718396 /* SwiftBooru.app */,
			);
			name = Products;
			sourceTree = "<group>";
		};
		44D8263B29C27E6F00718396 /* SwiftBooru */ = {
			isa = PBXGroup;
			children = (
				445EA7ED29C312D500667D13 /* Views */,
				44D8264029C27E7000718396 /* Assets.xcassets */,
				445EA7DB29C30E5100667D13 /* Model */,
				445EA7BC29C27F2C00667D13 /* Utils */,
				44D8264529C27E7000718396 /* SwiftBooru.entitlements */,
				44D8264229C27E7000718396 /* Preview Content */,
			);
			path = SwiftBooru;
			sourceTree = "<group>";
		};
		44D8264229C27E7000718396 /* Preview Content */ = {
			isa = PBXGroup;
			children = (
				44D8264329C27E7000718396 /* Preview Assets.xcassets */,
			);
			path = "Preview Content";
			sourceTree = "<group>";
		};
/* End PBXGroup section */

/* Begin PBXNativeTarget section */
		44D8263829C27E6F00718396 /* SwiftBooru */ = {
			isa = PBXNativeTarget;
			buildConfigurationList = 44D8264829C27E7000718396 /* Build configuration list for PBXNativeTarget "SwiftBooru" */;
			buildPhases = (
				44D8263529C27E6F00718396 /* Sources */,
				44D8263629C27E6F00718396 /* Frameworks */,
				44D8263729C27E6F00718396 /* Resources */,
			);
			buildRules = (
			);
			dependencies = (
			);
			name = SwiftBooru;
			packageProductDependencies = (
				44FD59CF29C57D7D0045080C /* URLImage */,
				44FD59D129C57D7D0045080C /* URLImageStore */,
			);
			productName = SwiftBooru;
			productReference = 44D8263929C27E6F00718396 /* SwiftBooru.app */;
			productType = "com.apple.product-type.application";
		};
/* End PBXNativeTarget section */

/* Begin PBXProject section */
		44D8263129C27E6F00718396 /* Project object */ = {
			isa = PBXProject;
			attributes = {
				BuildIndependentTargetsInParallel = 1;
				LastSwiftUpdateCheck = 1420;
				LastUpgradeCheck = 1420;
				TargetAttributes = {
					44D8263829C27E6F00718396 = {
						CreatedOnToolsVersion = 14.2;
						LastSwiftMigration = 1420;
					};
				};
			};
			buildConfigurationList = 44D8263429C27E6F00718396 /* Build configuration list for PBXProject "SwiftBooru" */;
			compatibilityVersion = "Xcode 14.0";
			developmentRegion = en;
			hasScannedForEncodings = 0;
			knownRegions = (
				en,
				Base,
			);
			mainGroup = 44D8263029C27E6F00718396;
			packageReferences = (
				44FD59CE29C57D7D0045080C /* XCRemoteSwiftPackageReference "url-image" */,
			);
			productRefGroup = 44D8263A29C27E6F00718396 /* Products */;
			projectDirPath = "";
			projectRoot = "";
			targets = (
				44D8263829C27E6F00718396 /* SwiftBooru */,
			);
		};
/* End PBXProject section */

/* Begin PBXResourcesBuildPhase section */
		44D8263729C27E6F00718396 /* Resources */ = {
			isa = PBXResourcesBuildPhase;
			buildActionMask = 2147483647;
			files = (
				44D8264429C27E7000718396 /* Preview Assets.xcassets in Resources */,
				44D8264129C27E7000718396 /* Assets.xcassets in Resources */,
			);
			runOnlyForDeploymentPostprocessing = 0;
		};
/* End PBXResourcesBuildPhase section */

/* Begin PBXSourcesBuildPhase section */
		44D8263529C27E6F00718396 /* Sources */ = {
			isa = PBXSourcesBuildPhase;
			buildActionMask = 2147483647;
			files = (
				445EA7EC29C312AA00667D13 /* SwiftBooruError.swift in Sources */,
				44FD59C729C54C190045080C /* BookmarksView.swift in Sources */,
				445EA7C029C27F5B00667D13 /* TableManager.swift in Sources */,
				446B2D2D29C7E37300850070 /* SwiftbooruView.swift in Sources */,
				44BDDD7829CB04AD005955FF /* ImageView.swift in Sources */,
				445EA7BE29C27F5200667D13 /* CacheManager.swift in Sources */,
				445EA7E229C310B900667D13 /* SafebooruTag.swift in Sources */,
				44FD59C929C557AD0045080C /* BookmarkManager.swift in Sources */,
				445EA7E629C310E600667D13 /* GelbooruPost.swift in Sources */,
				445EA7EA29C3112400667D13 /* GlobalBooruTypes.swift in Sources */,
				44F0538D29C9CDD400A53E91 /* SearchView.swift in Sources */,
				445EA7E429C310D400667D13 /* SafebooruPost.swift in Sources */,
				446B2D2F29C7E78E00850070 /* Extensions.swift in Sources */,
				445EA7C329C27FE200667D13 /* NetworkHandler.swift in Sources */,
				445EA7E829C310F800667D13 /* GelbooruTag.swift in Sources */,
			);
			runOnlyForDeploymentPostprocessing = 0;
		};
/* End PBXSourcesBuildPhase section */

/* Begin XCBuildConfiguration section */
		44D8264629C27E7000718396 /* Debug */ = {
			isa = XCBuildConfiguration;
			buildSettings = {
				ALWAYS_SEARCH_USER_PATHS = NO;
				CLANG_ANALYZER_NONNULL = YES;
				CLANG_ANALYZER_NUMBER_OBJECT_CONVERSION = YES_AGGRESSIVE;
				CLANG_CXX_LANGUAGE_STANDARD = "gnu++20";
				CLANG_ENABLE_MODULES = YES;
				CLANG_ENABLE_OBJC_ARC = YES;
				CLANG_ENABLE_OBJC_WEAK = YES;
				CLANG_WARN_BLOCK_CAPTURE_AUTORELEASING = YES;
				CLANG_WARN_BOOL_CONVERSION = YES;
				CLANG_WARN_COMMA = YES;
				CLANG_WARN_CONSTANT_CONVERSION = YES;
				CLANG_WARN_DEPRECATED_OBJC_IMPLEMENTATIONS = YES;
				CLANG_WARN_DIRECT_OBJC_ISA_USAGE = YES_ERROR;
				CLANG_WARN_DOCUMENTATION_COMMENTS = YES;
				CLANG_WARN_EMPTY_BODY = YES;
				CLANG_WARN_ENUM_CONVERSION = YES;
				CLANG_WARN_INFINITE_RECURSION = YES;
				CLANG_WARN_INT_CONVERSION = YES;
				CLANG_WARN_NON_LITERAL_NULL_CONVERSION = YES;
				CLANG_WARN_OBJC_IMPLICIT_RETAIN_SELF = YES;
				CLANG_WARN_OBJC_LITERAL_CONVERSION = YES;
				CLANG_WARN_OBJC_ROOT_CLASS = YES_ERROR;
				CLANG_WARN_QUOTED_INCLUDE_IN_FRAMEWORK_HEADER = YES;
				CLANG_WARN_RANGE_LOOP_ANALYSIS = YES;
				CLANG_WARN_STRICT_PROTOTYPES = YES;
				CLANG_WARN_SUSPICIOUS_MOVE = YES;
				CLANG_WARN_UNGUARDED_AVAILABILITY = YES_AGGRESSIVE;
				CLANG_WARN_UNREACHABLE_CODE = YES;
				CLANG_WARN__DUPLICATE_METHOD_MATCH = YES;
				COPY_PHASE_STRIP = NO;
				DEBUG_INFORMATION_FORMAT = dwarf;
				ENABLE_STRICT_OBJC_MSGSEND = YES;
				ENABLE_TESTABILITY = YES;
				GCC_C_LANGUAGE_STANDARD = gnu11;
				GCC_DYNAMIC_NO_PIC = NO;
				GCC_NO_COMMON_BLOCKS = YES;
				GCC_OPTIMIZATION_LEVEL = 0;
				GCC_PREPROCESSOR_DEFINITIONS = (
					"DEBUG=1",
					"$(inherited)",
				);
				GCC_WARN_64_TO_32_BIT_CONVERSION = YES;
				GCC_WARN_ABOUT_RETURN_TYPE = YES_ERROR;
				GCC_WARN_UNDECLARED_SELECTOR = YES;
				GCC_WARN_UNINITIALIZED_AUTOS = YES_AGGRESSIVE;
				GCC_WARN_UNUSED_FUNCTION = YES;
				GCC_WARN_UNUSED_VARIABLE = YES;
				MACOSX_DEPLOYMENT_TARGET = 13.1;
				MTL_ENABLE_DEBUG_INFO = INCLUDE_SOURCE;
				MTL_FAST_MATH = YES;
				ONLY_ACTIVE_ARCH = YES;
				SDKROOT = macosx;
				SWIFT_ACTIVE_COMPILATION_CONDITIONS = DEBUG;
				SWIFT_OPTIMIZATION_LEVEL = "-Onone";
			};
			name = Debug;
		};
		44D8264729C27E7000718396 /* Release */ = {
			isa = XCBuildConfiguration;
			buildSettings = {
				ALWAYS_SEARCH_USER_PATHS = NO;
				CLANG_ANALYZER_NONNULL = YES;
				CLANG_ANALYZER_NUMBER_OBJECT_CONVERSION = YES_AGGRESSIVE;
				CLANG_CXX_LANGUAGE_STANDARD = "gnu++20";
				CLANG_ENABLE_MODULES = YES;
				CLANG_ENABLE_OBJC_ARC = YES;
				CLANG_ENABLE_OBJC_WEAK = YES;
				CLANG_WARN_BLOCK_CAPTURE_AUTORELEASING = YES;
				CLANG_WARN_BOOL_CONVERSION = YES;
				CLANG_WARN_COMMA = YES;
				CLANG_WARN_CONSTANT_CONVERSION = YES;
				CLANG_WARN_DEPRECATED_OBJC_IMPLEMENTATIONS = YES;
				CLANG_WARN_DIRECT_OBJC_ISA_USAGE = YES_ERROR;
				CLANG_WARN_DOCUMENTATION_COMMENTS = YES;
				CLANG_WARN_EMPTY_BODY = YES;
				CLANG_WARN_ENUM_CONVERSION = YES;
				CLANG_WARN_INFINITE_RECURSION = YES;
				CLANG_WARN_INT_CONVERSION = YES;
				CLANG_WARN_NON_LITERAL_NULL_CONVERSION = YES;
				CLANG_WARN_OBJC_IMPLICIT_RETAIN_SELF = YES;
				CLANG_WARN_OBJC_LITERAL_CONVERSION = YES;
				CLANG_WARN_OBJC_ROOT_CLASS = YES_ERROR;
				CLANG_WARN_QUOTED_INCLUDE_IN_FRAMEWORK_HEADER = YES;
				CLANG_WARN_RANGE_LOOP_ANALYSIS = YES;
				CLANG_WARN_STRICT_PROTOTYPES = YES;
				CLANG_WARN_SUSPICIOUS_MOVE = YES;
				CLANG_WARN_UNGUARDED_AVAILABILITY = YES_AGGRESSIVE;
				CLANG_WARN_UNREACHABLE_CODE = YES;
				CLANG_WARN__DUPLICATE_METHOD_MATCH = YES;
				COPY_PHASE_STRIP = NO;
				DEBUG_INFORMATION_FORMAT = "dwarf-with-dsym";
				ENABLE_NS_ASSERTIONS = NO;
				ENABLE_STRICT_OBJC_MSGSEND = YES;
				GCC_C_LANGUAGE_STANDARD = gnu11;
				GCC_NO_COMMON_BLOCKS = YES;
				GCC_WARN_64_TO_32_BIT_CONVERSION = YES;
				GCC_WARN_ABOUT_RETURN_TYPE = YES_ERROR;
				GCC_WARN_UNDECLARED_SELECTOR = YES;
				GCC_WARN_UNINITIALIZED_AUTOS = YES_AGGRESSIVE;
				GCC_WARN_UNUSED_FUNCTION = YES;
				GCC_WARN_UNUSED_VARIABLE = YES;
				MACOSX_DEPLOYMENT_TARGET = 13.1;
				MTL_ENABLE_DEBUG_INFO = NO;
				MTL_FAST_MATH = YES;
				SDKROOT = macosx;
				SWIFT_COMPILATION_MODE = wholemodule;
				SWIFT_OPTIMIZATION_LEVEL = "-O";
			};
			name = Release;
		};
		44D8264929C27E7000718396 /* Debug */ = {
			isa = XCBuildConfiguration;
			buildSettings = {
				ASSETCATALOG_COMPILER_APPICON_NAME = AppIcon;
				ASSETCATALOG_COMPILER_GLOBAL_ACCENT_COLOR_NAME = AccentColor;
				CLANG_ENABLE_MODULES = YES;
				CODE_SIGN_ENTITLEMENTS = SwiftBooru/SwiftBooru.entitlements;
				CODE_SIGN_STYLE = Automatic;
				COMBINE_HIDPI_IMAGES = YES;
				CURRENT_PROJECT_VERSION = 1;
				DEVELOPMENT_ASSET_PATHS = "\"SwiftBooru/Preview Content\"";
				ENABLE_PREVIEWS = YES;
				GENERATE_INFOPLIST_FILE = YES;
				INFOPLIST_KEY_NSHumanReadableCopyright = "";
				LD_RUNPATH_SEARCH_PATHS = (
					"$(inherited)",
					"@executable_path/../Frameworks",
				);
				MARKETING_VERSION = 1.0;
				PRODUCT_BUNDLE_IDENTIFIER = com.ayakoone.SwiftBooru;
				PRODUCT_NAME = "$(TARGET_NAME)";
				SWIFT_EMIT_LOC_STRINGS = YES;
				SWIFT_OPTIMIZATION_LEVEL = "-Onone";
				SWIFT_VERSION = 5.0;
			};
			name = Debug;
		};
		44D8264A29C27E7000718396 /* Release */ = {
			isa = XCBuildConfiguration;
			buildSettings = {
				ASSETCATALOG_COMPILER_APPICON_NAME = AppIcon;
				ASSETCATALOG_COMPILER_GLOBAL_ACCENT_COLOR_NAME = AccentColor;
				CLANG_ENABLE_MODULES = YES;
				CODE_SIGN_ENTITLEMENTS = SwiftBooru/SwiftBooru.entitlements;
				CODE_SIGN_STYLE = Automatic;
				COMBINE_HIDPI_IMAGES = YES;
				CURRENT_PROJECT_VERSION = 1;
				DEVELOPMENT_ASSET_PATHS = "\"SwiftBooru/Preview Content\"";
				ENABLE_PREVIEWS = YES;
				GENERATE_INFOPLIST_FILE = YES;
				INFOPLIST_KEY_NSHumanReadableCopyright = "";
				LD_RUNPATH_SEARCH_PATHS = (
					"$(inherited)",
					"@executable_path/../Frameworks",
				);
				MARKETING_VERSION = 1.0;
				PRODUCT_BUNDLE_IDENTIFIER = com.ayakoone.SwiftBooru;
				PRODUCT_NAME = "$(TARGET_NAME)";
				SWIFT_EMIT_LOC_STRINGS = YES;
				SWIFT_VERSION = 5.0;
			};
			name = Release;
		};
/* End XCBuildConfiguration section */

/* Begin XCConfigurationList section */
		44D8263429C27E6F00718396 /* Build configuration list for PBXProject "SwiftBooru" */ = {
			isa = XCConfigurationList;
			buildConfigurations = (
				44D8264629C27E7000718396 /* Debug */,
				44D8264729C27E7000718396 /* Release */,
			);
			defaultConfigurationIsVisible = 0;
			defaultConfigurationName = Release;
		};
		44D8264829C27E7000718396 /* Build configuration list for PBXNativeTarget "SwiftBooru" */ = {
			isa = XCConfigurationList;
			buildConfigurations = (
				44D8264929C27E7000718396 /* Debug */,
				44D8264A29C27E7000718396 /* Release */,
			);
			defaultConfigurationIsVisible = 0;
			defaultConfigurationName = Release;
		};
/* End XCConfigurationList section */

/* Begin XCRemoteSwiftPackageReference section */
		44FD59CE29C57D7D0045080C /* XCRemoteSwiftPackageReference "url-image" */ = {
			isa = XCRemoteSwiftPackageReference;
			repositoryURL = "https://github.com/dmytro-anokhin/url-image";
			requirement = {
				branch = main;
				kind = branch;
			};
		};
/* End XCRemoteSwiftPackageReference section */

/* Begin XCSwiftPackageProductDependency section */
		44FD59CF29C57D7D0045080C /* URLImage */ = {
			isa = XCSwiftPackageProductDependency;
			package = 44FD59CE29C57D7D0045080C /* XCRemoteSwiftPackageReference "url-image" */;
			productName = URLImage;
		};
		44FD59D129C57D7D0045080C /* URLImageStore */ = {
			isa = XCSwiftPackageProductDependency;
			package = 44FD59CE29C57D7D0045080C /* XCRemoteSwiftPackageReference "url-image" */;
			productName = URLImageStore;
		};
/* End XCSwiftPackageProductDependency section */
	};
	rootObject = 44D8263129C27E6F00718396 /* Project object */;
}
